
Microsoft Visual Studio Solution File, Format Version 12.00
# Visual Studio Version 16
VisualStudioVersion = 16.0.31911.196
MinimumVisualStudioVersion = 10.0.40219.1
Project("{FAE04EC0-301F-11D3-BF4B-00C04F79EFBC}") = "P127_Inheritance_Access_Modifiers", "P127_Inheritance_Access_Modifiers\P127_Inheritance_Access_Modifiers.csproj", "{847AA059-2B40-4024-A922-394B39E076F7}"
EndProject
Global
	GlobalSection(SolutionConfigurationPlatforms) = preSolution
		Debug|Any CPU = Debug|Any CPU
		Release|Any CPU = Release|Any CPU
	EndGlobalSection
	GlobalSection(ProjectConfigurationPlatforms) = postSolution
		{847AA059-2B40-4024-A922-394B39E076F7}.Debug|Any CPU.ActiveCfg = Debug|Any CPU
		{847AA059-2B40-4024-A922-394B39E076F7}.Debug|Any CPU.Build.0 = Debug|Any CPU
		{847AA059-2B40-4024-A922-394B39E076F7}.Release|Any CPU.ActiveCfg = Release|Any CPU
		{847AA059-2B40-4024-A922-394B39E076F7}.Release|Any CPU.Build.0 = Release|Any CPU
	EndGlobalSection
	GlobalSection(SolutionProperties) = preSolution
		HideSolutionNode = FALSE
	EndGlobalSection
	GlobalSection(ExtensibilityGlobals) = postSolution
		SolutionGuid = {36B45810-28A0-45B7-AF9E-50C29AA2EB7E}
	EndGlobalSection
EndGlobal
